// !$*UTF8*$!
{
	archiveVersion = 1;
	classes = {
	};
	objectVersion = 46;
	objects = {

/* Begin PBXBuildFile section */
		4D10C50B1DC7EEE200FA2223 /* AppDelegate.swift in Sources */ = {isa = PBXBuildFile; fileRef = 4D10C50A1DC7EEE200FA2223 /* AppDelegate.swift */; };
		4D10C50D1DC7EEE200FA2223 /* ViewController.swift in Sources */ = {isa = PBXBuildFile; fileRef = 4D10C50C1DC7EEE200FA2223 /* ViewController.swift */; };
		4D10C5101DC7EEE200FA2223 /* Main.storyboard in Resources */ = {isa = PBXBuildFile; fileRef = 4D10C50E1DC7EEE200FA2223 /* Main.storyboard */; };
		4D10C5121DC7EEE200FA2223 /* Assets.xcassets in Resources */ = {isa = PBXBuildFile; fileRef = 4D10C5111DC7EEE200FA2223 /* Assets.xcassets */; };
		4D10C5151DC7EEE200FA2223 /* LaunchScreen.storyboard in Resources */ = {isa = PBXBuildFile; fileRef = 4D10C5131DC7EEE200FA2223 /* LaunchScreen.storyboard */; };
/* End PBXBuildFile section */

/* Begin PBXFileReference section */
		4D10C5071DC7EEE200FA2223 /* Leccion2.app */ = {isa = PBXFileReference; explicitFileType = wrapper.application; includeInIndex = 0; path = Leccion2.app; sourceTree = BUILT_PRODUCTS_DIR; };
		4D10C50A1DC7EEE200FA2223 /* AppDelegate.swift */ = {isa = PBXFileReference; lastKnownFileType = sourcecode.swift; path = AppDelegate.swift; sourceTree = "<group>"; };
		4D10C50C1DC7EEE200FA2223 /* ViewController.swift */ = {isa = PBXFileReference; lastKnownFileType = sourcecode.swift; path = ViewController.swift; sourceTree = "<group>"; };
		4D10C50F1DC7EEE200FA2223 /* Base */ = {isa = PBXFileReference; lastKnownFileType = file.storyboard; name = Base; path = Base.lproj/Main.storyboard; sourceTree = "<group>"; };
		4D10C5111DC7EEE200FA2223 /* Assets.xcassets */ = {isa = PBXFileReference; lastKnownFileType = folder.assetcatalog; path = Assets.xcassets; sourceTree = "<group>"; };
		4D10C5141DC7EEE200FA2223 /* Base */ = {isa = PBXFileReference; lastKnownFileType = file.storyboard; name = Base; path = Base.lproj/LaunchScreen.storyboard; sourceTree = "<group>"; };
		4D10C5161DC7EEE200FA2223 /* Info.plist */ = {isa = PBXFileReference; lastKnownFileType = text.plist.xml; path = Info.plist; sourceTree = "<group>"; };
/* End PBXFileReference section */

/* Begin PBXFrameworksBuildPhase section */
		4D10C5041DC7EEE200FA2223 /* Frameworks */ = {
			isa = PBXFrameworksBuildPhase;
			buildActionMask = 2147483647;
			files = (
			);
			runOnlyForDeploymentPostprocessing = 0;
		};
/* End PBXFrameworksBuildPhase section */

/* Begin PBXGroup section */
		4D10C4FE1DC7EEE200FA2223 = {
			isa = PBXGroup;
			children = (
				4D10C5091DC7EEE200FA2223 /* Leccion2 */,
				4D10C5081DC7EEE200FA2223 /* Products */,
			);
			sourceTree = "<group>";
		};
		4D10C5081DC7EEE200FA2223 /* Products */ = {
			isa = PBXGroup;
			children = (
				4D10C5071DC7EEE200FA2223 /* Leccion2.app */,
			);
			name = Products;
			sourceTree = "<group>";
		};
		4D10C5091DC7EEE200FA2223 /* Leccion2 */ = {
			isa = PBXGroup;
			children = (
				4D10C50A1DC7EEE200FA2223 /* AppDelegate.swift */,
				4D10C50C1DC7EEE200FA2223 /* ViewController.swift */,
				4D10C50E1DC7EEE200FA2223 /* Main.storyboard */,
				4D10C5111DC7EEE200FA2223 /* Assets.xcassets */,
				4D10C5131DC7EEE200FA2223 /* LaunchScreen.storyboard */,
				4D10C5161DC7EEE200FA2223 /* Info.plist */,
			);
			path = Leccion2;
			sourceTree = "<group>";
		};
/* End PBXGroup section */

/* Begin PBXNativeTarget section */
		4D10C5061DC7EEE200FA2223 /* Leccion2 */ = {
			isa = PBXNativeTarget;
			buildConfigurationList = 4D10C5191DC7EEE200FA2223 /* Build configuration list for PBXNativeTarget "Leccion2" */;
			buildPhases = (
				4D10C5031DC7EEE200FA2223 /* Sources */,
				4D10C5041DC7EEE200FA2223 /* Frameworks */,
				4D10C5051DC7EEE200FA2223 /* Resources */,
			);
			buildRules = (
			);
			dependencies = (
			);
			name = Leccion2;
			productName = Leccion2;
			productReference = 4D10C5071DC7EEE200FA2223 /* Leccion2.app */;
			productType = "com.apple.product-type.application";
		};
/* End PBXNativeTarget section */

/* Begin PBXProject section */
		4D10C4FF1DC7EEE200FA2223 /* Project object */ = {
			isa = PBXProject;
			attributes = {
				LastSwiftUpdateCheck = 0730;
				LastUpgradeCheck = 0730;
				ORGANIZATIONNAME = NextU;
				TargetAttributes = {
					4D10C5061DC7EEE200FA2223 = {
						CreatedOnToolsVersion = 7.3.1;
					};
				};
			};
			buildConfigurationList = 4D10C5021DC7EEE200FA2223 /* Build configuration list for PBXProject "Leccion2" */;
			compatibilityVersion = "Xcode 3.2";
			developmentRegion = English;
			hasScannedForEncodings = 0;
			knownRegions = (
				en,
				Base,
			);
			mainGroup = 4D10C4FE1DC7EEE200FA2223;
			productRefGroup = 4D10C5081DC7EEE200FA2223 /* Products */;
			projectDirPath = "";
			projectRoot = "";
			targets = (
				4D10C5061DC7EEE200FA2223 /* Leccion2 */,
			);
		};
/* End PBXProject section */

/* Begin PBXResourcesBuildPhase section */
		4D10C5051DC7EEE200FA2223 /* Resources */ = {
			isa = PBXResourcesBuildPhase;
			buildActionMask = 2147483647;
			files = (
				4D10C5151DC7EEE200FA2223 /* LaunchScreen.storyboard in Resources */,
				4D10C5121DC7EEE200FA2223 /* Assets.xcassets in Resources */,
				4D10C5101DC7EEE200FA2223 /* Main.storyboard in Resources */,
			);
			runOnlyForDeploymentPostprocessing = 0;
		};
/* End PBXResourcesBuildPhase section */

/* Begin PBXSourcesBuildPhase section */
		4D10C5031DC7EEE200FA2223 /* Sources */ = {
			isa = PBXSourcesBuildPhase;
			buildActionMask = 2147483647;
			files = (
				4D10C50D1DC7EEE200FA2223 /* ViewController.swift in Sources */,
				4D10C50B1DC7EEE200FA2223 /* AppDelegate.swift in Sources */,
			);
			runOnlyForDeploymentPostprocessing = 0;
		};
/* End PBXSourcesBuildPhase section */

/* Begin PBXVariantGroup section */
		4D10C50E1DC7EEE200FA2223 /* Main.storyboard */ = {
			isa = PBXVariantGroup;
			children = (
				4D10C50F1DC7EEE200FA2223 /* Base */,
			);
			name = Main.storyboard;
			sourceTree = "<group>";
		};
		4D10C5131DC7EEE200FA2223 /* LaunchScreen.storyboard */ = {
			isa = PBXVariantGroup;
			children = (
				4D10C5141DC7EEE200FA2223 /* Base */,
			);
			name = LaunchScreen.storyboard;
			sourceTree = "<group>";
		};
/* End PBXVariantGroup section */

/* Begin XCBuildConfiguration section */
		4D10C5171DC7EEE200FA2223 /* Debug */ = {
			isa = XCBuildConfiguration;
			buildSettings = {
				ALWAYS_SEARCH_USER_PATHS = NO;
				CLANG_ANALYZER_NONNULL = YES;
				CLANG_CXX_LANGUAGE_STANDARD = "gnu++0x";
				CLANG_CXX_LIBRARY = "libc++";
				CLANG_ENABLE_MODULES = YES;
				CLANG_ENABLE_OBJC_ARC = YES;
				CLANG_WARN_BOOL_CONVERSION = YES;
				CLANG_WARN_CONSTANT_CONVERSION = YES;
				CLANG_WARN_DIRECT_OBJC_ISA_USAGE = YES_ERROR;
				CLANG_WARN_EMPTY_BODY = YES;
				CLANG_WARN_ENUM_CONVERSION = YES;
				CLANG_WARN_INT_CONVERSION = YES;
				CLANG_WARN_OBJC_ROOT_CLASS = YES_ERROR;
				CLANG_WARN_UNREACHABLE_CODE = YES;
				CLANG_WARN__DUPLICATE_METHOD_MATCH = YES;
				"CODE_SIGN_IDENTITY[sdk=iphoneos*]" = "iPhone Developer";
				COPY_PHASE_STRIP = NO;
				DEBUG_INFORMATION_FORMAT = dwarf;
				ENABLE_STRICT_OBJC_MSGSEND = YES;
				ENABLE_TESTABILITY = YES;
				GCC_C_LANGUAGE_STANDARD = gnu99;
				GCC_DYNAMIC_NO_PIC = NO;
				GCC_NO_COMMON_BLOCKS = YES;
				GCC_OPTIMIZATION_LEVEL = 0;
				GCC_PREPROCESSOR_DEFINITIONS = (
					"DEBUG=1",
					"$(inherited)",
				);
				GCC_WARN_64_TO_32_BIT_CONVERSION = YES;
				GCC_WARN_ABOUT_RETURN_TYPE = YES_ERROR;
				GCC_WARN_UNDECLARED_SELECTOR = YES;
				GCC_WARN_UNINITIALIZED_AUTOS = YES_AGGRESSIVE;
				GCC_WARN_UNUSED_FUNCTION = YES;
				GCC_WARN_UNUSED_VARIABLE = YES;
				IPHONEOS_DEPLOYMENT_TARGET = 9.3;
				MTL_ENABLE_DEBUG_INFO = YES;
				ONLY_ACTIVE_ARCH = YES;
				SDKROOT = iphoneos;
				SWIFT_OPTIMIZATION_LEVEL = "-Onone";
			};
			name = Debug;
		};
		4D10C5181DC7EEE200FA2223 /* Release */ = {
			isa = XCBuildConfiguration;
			buildSettings = {
				ALWAYS_SEARCH_USER_PATHS = NO;
				CLANG_ANALYZER_NONNULL = YES;
				CLANG_CXX_LANGUAGE_STANDARD = "gnu++0x";
				CLANG_CXX_LIBRARY = "libc++";
				CLANG_ENABLE_MODULES = YES;
				CLANG_ENABLE_OBJC_ARC = YES;
				CLANG_WARN_BOOL_CONVERSION = YES;
				CLANG_WARN_CONSTANT_CONVERSION = YES;
				CLANG_WARN_DIRECT_OBJC_ISA_USAGE = YES_ERROR;
				CLANG_WARN_EMPTY_BODY = YES;
				CLANG_WARN_ENUM_CONVERSION = YES;
				CLANG_WARN_INT_CONVERSION = YES;
				CLANG_WARN_OBJC_ROOT_CLASS = YES_ERROR;
				CLANG_WARN_UNREACHABLE_CODE = YES;
				CLANG_WARN__DUPLICATE_METHOD_MATCH = YES;
				"CODE_SIGN_IDENTITY[sdk=iphoneos*]" = "iPhone Developer";
				COPY_PHASE_STRIP = NO;
				DEBUG_INFORMATION_FORMAT = "dwarf-with-dsym";
				ENABLE_NS_ASSERTIONS = NO;
				ENABLE_STRICT_OBJC_MSGSEND = YES;
				GCC_C_LANGUAGE_STANDARD = gnu99;
				GCC_NO_COMMON_BLOCKS = YES;
				GCC_WARN_64_TO_32_BIT_CONVERSION = YES;
				GCC_WARN_ABOUT_RETURN_TYPE = YES_ERROR;
				GCC_WARN_UNDECLARED_SELECTOR = YES;
				GCC_WARN_UNINITIALIZED_AUTOS = YES_AGGRESSIVE;
				GCC_WARN_UNUSED_FUNCTION = YES;
				GCC_WARN_UNUSED_VARIABLE = YES;
				IPHONEOS_DEPLOYMENT_TARGET = 9.3;
				MTL_ENABLE_DEBUG_INFO = NO;
				SDKROOT = iphoneos;
				VALIDATE_PRODUCT = YES;
			};
			name = Release;
		};
		4D10C51A1DC7EEE200FA2223 /* Debug */ = {
			isa = XCBuildConfiguration;
			buildSettings = {
				ASSETCATALOG_COMPILER_APPICON_NAME = AppIcon;
				INFOPLIST_FILE = Leccion2/Info.plist;
				LD_RUNPATH_SEARCH_PATHS = "$(inherited) @executable_path/Frameworks";
				PRODUCT_BUNDLE_IDENTIFIER = com.nextu.iosdeveloper.Leccion2;
				PRODUCT_NAME = "$(TARGET_NAME)";
			};
			name = Debug;
		};
		4D10C51B1DC7EEE200FA2223 /* Release */ = {
			isa = XCBuildConfiguration;
			buildSettings = {
				ASSETCATALOG_COMPILER_APPICON_NAME = AppIcon;
				INFOPLIST_FILE = Leccion2/Info.plist;
				LD_RUNPATH_SEARCH_PATHS = "$(inherited) @executable_path/Frameworks";
				PRODUCT_BUNDLE_IDENTIFIER = com.nextu.iosdeveloper.Leccion2;
				PRODUCT_NAME = "$(TARGET_NAME)";
			};
			name = Release;
		};
/* End XCBuildConfiguration section */

/* Begin XCConfigurationList section */
		4D10C5021DC7EEE200FA2223 /* Build configuration list for PBXProject "Leccion2" */ = {
			isa = XCConfigurationList;
			buildConfigurations = (
				4D10C5171DC7EEE200FA2223 /* Debug */,
				4D10C5181DC7EEE200FA2223 /* Release */,
			);
			defaultConfigurationIsVisible = 0;
			defaultConfigurationName = Release;
		};
		4D10C5191DC7EEE200FA2223 /* Build configuration list for PBXNativeTarget "Leccion2" */ = {
			isa = XCConfigurationList;
			buildConfigurations = (
				4D10C51A1DC7EEE200FA2223 /* Debug */,
				4D10C51B1DC7EEE200FA2223 /* Release */,
			);
			defaultConfigurationIsVisible = 0;
		};
/* End XCConfigurationList section */
	};
	rootObject = 4D10C4FF1DC7EEE200FA2223 /* Project object */;
}
